// !$*UTF8*$!
{
	archiveVersion = 1;
	classes = {
	};
	objectVersion = 55;
	objects = {

/* Begin PBXBuildFile section */
		91C2AD8034792CDE21CB4DDB /* Pods_Scap2.framework in Frameworks */ = {isa = PBXBuildFile; fileRef = 5D94D0F45DAB59C1A700DC35 /* Pods_Scap2.framework */; };
		BA5DB94629B7DAEB00744ABA /* AppDelegate.swift in Sources */ = {isa = PBXBuildFile; fileRef = BA5DB94529B7DAEB00744ABA /* AppDelegate.swift */; };
		BA5DB94829B7DAEB00744ABA /* SceneDelegate.swift in Sources */ = {isa = PBXBuildFile; fileRef = BA5DB94729B7DAEB00744ABA /* SceneDelegate.swift */; };
		BA5DB94A29B7DAEB00744ABA /* ViewController.swift in Sources */ = {isa = PBXBuildFile; fileRef = BA5DB94929B7DAEB00744ABA /* ViewController.swift */; };
		BA5DB94D29B7DAEB00744ABA /* Main.storyboard in Resources */ = {isa = PBXBuildFile; fileRef = BA5DB94B29B7DAEB00744ABA /* Main.storyboard */; };
		BA5DB94F29B7DAEE00744ABA /* Assets.xcassets in Resources */ = {isa = PBXBuildFile; fileRef = BA5DB94E29B7DAEE00744ABA /* Assets.xcassets */; };
		BA5DB95229B7DAEE00744ABA /* LaunchScreen.storyboard in Resources */ = {isa = PBXBuildFile; fileRef = BA5DB95029B7DAEE00744ABA /* LaunchScreen.storyboard */; };
		BA5DB95C29B7E34F00744ABA /* GoogleService-Info.plist in Resources */ = {isa = PBXBuildFile; fileRef = BA5DB95B29B7E34F00744ABA /* GoogleService-Info.plist */; };
		BA5DB95F29B7EBEA00744ABA /* SignUpVC.swift in Sources */ = {isa = PBXBuildFile; fileRef = BA5DB95E29B7EBEA00744ABA /* SignUpVC.swift */; };
		BA5DB96129B7EFFB00744ABA /* LoginVC.swift in Sources */ = {isa = PBXBuildFile; fileRef = BA5DB96029B7EFFB00744ABA /* LoginVC.swift */; };
		BA5DB96429B7F35300744ABA /* ChatVC.swift in Sources */ = {isa = PBXBuildFile; fileRef = BA5DB96329B7F35300744ABA /* ChatVC.swift */; };
		BA5DB96729B7F37A00744ABA /* ProfileVC.swift in Sources */ = {isa = PBXBuildFile; fileRef = BA5DB96629B7F37A00744ABA /* ProfileVC.swift */; };
		BA5DB97329B7F3F300744ABA /* UIView.swift in Sources */ = {isa = PBXBuildFile; fileRef = BA5DB96A29B7F3ED00744ABA /* UIView.swift */; };
		BA5DB97429B7F3F300744ABA /* UIImageView.swift in Sources */ = {isa = PBXBuildFile; fileRef = BA5DB96B29B7F3EE00744ABA /* UIImageView.swift */; };
		BA5DB97529B7F3F300744ABA /* CustomTextField.swift in Sources */ = {isa = PBXBuildFile; fileRef = BA5DB96C29B7F3EE00744ABA /* CustomTextField.swift */; };
		BA5DB97629B7F3F300744ABA /* String.swift in Sources */ = {isa = PBXBuildFile; fileRef = BA5DB96D29B7F3EF00744ABA /* String.swift */; };
		BA5DB97729B7F3F300744ABA /* CustomButton.swift in Sources */ = {isa = PBXBuildFile; fileRef = BA5DB96E29B7F3F000744ABA /* CustomButton.swift */; };
		BA5DB97829B7F3F300744ABA /* UIImage.swift in Sources */ = {isa = PBXBuildFile; fileRef = BA5DB96F29B7F3F100744ABA /* UIImage.swift */; };
		BA5DB97929B7F3F300744ABA /* UnitConverter.swift in Sources */ = {isa = PBXBuildFile; fileRef = BA5DB97029B7F3F100744ABA /* UnitConverter.swift */; };
		BA5DB97A29B7F3F300744ABA /* UIColor.swift in Sources */ = {isa = PBXBuildFile; fileRef = BA5DB97129B7F3F200744ABA /* UIColor.swift */; };
		BA5DB97B29B7F3F300744ABA /* ImageExtension.swift in Sources */ = {isa = PBXBuildFile; fileRef = BA5DB97229B7F3F300744ABA /* ImageExtension.swift */; };
		BA5DB98029B7F42B00744ABA /* Reachability.swift in Sources */ = {isa = PBXBuildFile; fileRef = BA5DB97D29B7F42900744ABA /* Reachability.swift */; };
		BA5DB98129B7F42B00744ABA /* Utility.swift in Sources */ = {isa = PBXBuildFile; fileRef = BA5DB97E29B7F42A00744ABA /* Utility.swift */; };
		BA5DB98229B7F42B00744ABA /* PreferenceHelper.swift in Sources */ = {isa = PBXBuildFile; fileRef = BA5DB97F29B7F42B00744ABA /* PreferenceHelper.swift */; };
		BA5DB98529B7F48A00744ABA /* Constants.swift in Sources */ = {isa = PBXBuildFile; fileRef = BA5DB98429B7F48A00744ABA /* Constants.swift */; };
		BA5DB98729B7F4F000744ABA /* BaseVC.swift in Sources */ = {isa = PBXBuildFile; fileRef = BA5DB98629B7F4F000744ABA /* BaseVC.swift */; };
/* End PBXBuildFile section */

/* Begin PBXFileReference section */
		276E74D0CC43D32D0164F3F9 /* Pods-Scap2.release.xcconfig */ = {isa = PBXFileReference; includeInIndex = 1; lastKnownFileType = text.xcconfig; name = "Pods-Scap2.release.xcconfig"; path = "Target Support Files/Pods-Scap2/Pods-Scap2.release.xcconfig"; sourceTree = "<group>"; };
		5D94D0F45DAB59C1A700DC35 /* Pods_Scap2.framework */ = {isa = PBXFileReference; explicitFileType = wrapper.framework; includeInIndex = 0; path = Pods_Scap2.framework; sourceTree = BUILT_PRODUCTS_DIR; };
		8E5FEE2BFCA6636660309496 /* Pods-Scap2.debug.xcconfig */ = {isa = PBXFileReference; includeInIndex = 1; lastKnownFileType = text.xcconfig; name = "Pods-Scap2.debug.xcconfig"; path = "Target Support Files/Pods-Scap2/Pods-Scap2.debug.xcconfig"; sourceTree = "<group>"; };
		BA5DB94229B7DAEB00744ABA /* Scap2.app */ = {isa = PBXFileReference; explicitFileType = wrapper.application; includeInIndex = 0; path = Scap2.app; sourceTree = BUILT_PRODUCTS_DIR; };
		BA5DB94529B7DAEB00744ABA /* AppDelegate.swift */ = {isa = PBXFileReference; lastKnownFileType = sourcecode.swift; path = AppDelegate.swift; sourceTree = "<group>"; };
		BA5DB94729B7DAEB00744ABA /* SceneDelegate.swift */ = {isa = PBXFileReference; lastKnownFileType = sourcecode.swift; path = SceneDelegate.swift; sourceTree = "<group>"; };
		BA5DB94929B7DAEB00744ABA /* ViewController.swift */ = {isa = PBXFileReference; lastKnownFileType = sourcecode.swift; path = ViewController.swift; sourceTree = "<group>"; };
		BA5DB94C29B7DAEB00744ABA /* Base */ = {isa = PBXFileReference; lastKnownFileType = file.storyboard; name = Base; path = Base.lproj/Main.storyboard; sourceTree = "<group>"; };
		BA5DB94E29B7DAEE00744ABA /* Assets.xcassets */ = {isa = PBXFileReference; lastKnownFileType = folder.assetcatalog; path = Assets.xcassets; sourceTree = "<group>"; };
		BA5DB95129B7DAEE00744ABA /* Base */ = {isa = PBXFileReference; lastKnownFileType = file.storyboard; name = Base; path = Base.lproj/LaunchScreen.storyboard; sourceTree = "<group>"; };
		BA5DB95329B7DAEE00744ABA /* Info.plist */ = {isa = PBXFileReference; lastKnownFileType = text.plist.xml; path = Info.plist; sourceTree = "<group>"; };
		BA5DB95B29B7E34F00744ABA /* GoogleService-Info.plist */ = {isa = PBXFileReference; fileEncoding = 4; lastKnownFileType = text.plist.xml; path = "GoogleService-Info.plist"; sourceTree = "<group>"; };
		BA5DB95E29B7EBEA00744ABA /* SignUpVC.swift */ = {isa = PBXFileReference; lastKnownFileType = sourcecode.swift; path = SignUpVC.swift; sourceTree = "<group>"; };
		BA5DB96029B7EFFB00744ABA /* LoginVC.swift */ = {isa = PBXFileReference; lastKnownFileType = sourcecode.swift; path = LoginVC.swift; sourceTree = "<group>"; };
		BA5DB96329B7F35300744ABA /* ChatVC.swift */ = {isa = PBXFileReference; lastKnownFileType = sourcecode.swift; path = ChatVC.swift; sourceTree = "<group>"; };
		BA5DB96629B7F37A00744ABA /* ProfileVC.swift */ = {isa = PBXFileReference; lastKnownFileType = sourcecode.swift; path = ProfileVC.swift; sourceTree = "<group>"; };
		BA5DB96A29B7F3ED00744ABA /* UIView.swift */ = {isa = PBXFileReference; fileEncoding = 4; lastKnownFileType = sourcecode.swift; path = UIView.swift; sourceTree = "<group>"; };
		BA5DB96B29B7F3EE00744ABA /* UIImageView.swift */ = {isa = PBXFileReference; fileEncoding = 4; lastKnownFileType = sourcecode.swift; path = UIImageView.swift; sourceTree = "<group>"; };
		BA5DB96C29B7F3EE00744ABA /* CustomTextField.swift */ = {isa = PBXFileReference; fileEncoding = 4; lastKnownFileType = sourcecode.swift; path = CustomTextField.swift; sourceTree = "<group>"; };
		BA5DB96D29B7F3EF00744ABA /* String.swift */ = {isa = PBXFileReference; fileEncoding = 4; lastKnownFileType = sourcecode.swift; path = String.swift; sourceTree = "<group>"; };
		BA5DB96E29B7F3F000744ABA /* CustomButton.swift */ = {isa = PBXFileReference; fileEncoding = 4; lastKnownFileType = sourcecode.swift; path = CustomButton.swift; sourceTree = "<group>"; };
		BA5DB96F29B7F3F100744ABA /* UIImage.swift */ = {isa = PBXFileReference; fileEncoding = 4; lastKnownFileType = sourcecode.swift; path = UIImage.swift; sourceTree = "<group>"; };
		BA5DB97029B7F3F100744ABA /* UnitConverter.swift */ = {isa = PBXFileReference; fileEncoding = 4; lastKnownFileType = sourcecode.swift; path = UnitConverter.swift; sourceTree = "<group>"; };
		BA5DB97129B7F3F200744ABA /* UIColor.swift */ = {isa = PBXFileReference; fileEncoding = 4; lastKnownFileType = sourcecode.swift; path = UIColor.swift; sourceTree = "<group>"; };
		BA5DB97229B7F3F300744ABA /* ImageExtension.swift */ = {isa = PBXFileReference; fileEncoding = 4; lastKnownFileType = sourcecode.swift; path = ImageExtension.swift; sourceTree = "<group>"; };
		BA5DB97D29B7F42900744ABA /* Reachability.swift */ = {isa = PBXFileReference; fileEncoding = 4; lastKnownFileType = sourcecode.swift; path = Reachability.swift; sourceTree = "<group>"; };
		BA5DB97E29B7F42A00744ABA /* Utility.swift */ = {isa = PBXFileReference; fileEncoding = 4; lastKnownFileType = sourcecode.swift; path = Utility.swift; sourceTree = "<group>"; };
		BA5DB97F29B7F42B00744ABA /* PreferenceHelper.swift */ = {isa = PBXFileReference; fileEncoding = 4; lastKnownFileType = sourcecode.swift; path = PreferenceHelper.swift; sourceTree = "<group>"; };
		BA5DB98429B7F48A00744ABA /* Constants.swift */ = {isa = PBXFileReference; lastKnownFileType = sourcecode.swift; path = Constants.swift; sourceTree = "<group>"; };
		BA5DB98629B7F4F000744ABA /* BaseVC.swift */ = {isa = PBXFileReference; lastKnownFileType = sourcecode.swift; path = BaseVC.swift; sourceTree = "<group>"; };
/* End PBXFileReference section */

/* Begin PBXFrameworksBuildPhase section */
		BA5DB93F29B7DAEB00744ABA /* Frameworks */ = {
			isa = PBXFrameworksBuildPhase;
			buildActionMask = 2147483647;
			files = (
				91C2AD8034792CDE21CB4DDB /* Pods_Scap2.framework in Frameworks */,
			);
			runOnlyForDeploymentPostprocessing = 0;
		};
/* End PBXFrameworksBuildPhase section */

/* Begin PBXGroup section */
		68729BD34D9F901B36099F93 /* Frameworks */ = {
			isa = PBXGroup;
			children = (
				5D94D0F45DAB59C1A700DC35 /* Pods_Scap2.framework */,
			);
			name = Frameworks;
			sourceTree = "<group>";
		};
		6872CFE11B83FC4A51260DC0 /* Pods */ = {
			isa = PBXGroup;
			children = (
				8E5FEE2BFCA6636660309496 /* Pods-Scap2.debug.xcconfig */,
				276E74D0CC43D32D0164F3F9 /* Pods-Scap2.release.xcconfig */,
			);
			path = Pods;
			sourceTree = "<group>";
		};
		BA5DB93929B7DAEB00744ABA = {
			isa = PBXGroup;
			children = (
				BA5DB94429B7DAEB00744ABA /* Scap2 */,
				BA5DB94329B7DAEB00744ABA /* Products */,
				6872CFE11B83FC4A51260DC0 /* Pods */,
				68729BD34D9F901B36099F93 /* Frameworks */,
			);
			sourceTree = "<group>";
		};
		BA5DB94329B7DAEB00744ABA /* Products */ = {
			isa = PBXGroup;
			children = (
				BA5DB94229B7DAEB00744ABA /* Scap2.app */,
			);
			name = Products;
			sourceTree = "<group>";
		};
		BA5DB94429B7DAEB00744ABA /* Scap2 */ = {
			isa = PBXGroup;
			children = (
				BA5DB98329B7F46D00744ABA /* Constants */,
				BA5DB97C29B7F3FD00744ABA /* Utility */,
				BA5DB96929B7F3BD00744ABA /* Extension */,
				BA5DB96829B7F38C00744ABA /* Validations */,
				BA5DB96529B7F36300744ABA /* Profile */,
				BA5DB96229B7F33500744ABA /* OTPChat */,
				BA5DB95D29B7EBBE00744ABA /* Auth */,
				BA5DB95B29B7E34F00744ABA /* GoogleService-Info.plist */,
				BA5DB94529B7DAEB00744ABA /* AppDelegate.swift */,
				BA5DB94729B7DAEB00744ABA /* SceneDelegate.swift */,
				BA5DB94929B7DAEB00744ABA /* ViewController.swift */,
				BA5DB94B29B7DAEB00744ABA /* Main.storyboard */,
				BA5DB94E29B7DAEE00744ABA /* Assets.xcassets */,
				BA5DB95029B7DAEE00744ABA /* LaunchScreen.storyboard */,
				BA5DB95329B7DAEE00744ABA /* Info.plist */,
			);
			path = Scap2;
			sourceTree = "<group>";
		};
		BA5DB95D29B7EBBE00744ABA /* Auth */ = {
			isa = PBXGroup;
			children = (
				BA5DB95E29B7EBEA00744ABA /* SignUpVC.swift */,
				BA5DB96029B7EFFB00744ABA /* LoginVC.swift */,
			);
			path = Auth;
			sourceTree = "<group>";
		};
		BA5DB96229B7F33500744ABA /* OTPChat */ = {
			isa = PBXGroup;
			children = (
				BA5DB96329B7F35300744ABA /* ChatVC.swift */,
			);
			path = OTPChat;
			sourceTree = "<group>";
		};
		BA5DB96529B7F36300744ABA /* Profile */ = {
			isa = PBXGroup;
			children = (
				BA5DB96629B7F37A00744ABA /* ProfileVC.swift */,
			);
			path = Profile;
			sourceTree = "<group>";
		};
		BA5DB96829B7F38C00744ABA /* Validations */ = {
			isa = PBXGroup;
			children = (
			);
			path = Validations;
			sourceTree = "<group>";
		};
		BA5DB96929B7F3BD00744ABA /* Extension */ = {
			isa = PBXGroup;
			children = (
				BA5DB96E29B7F3F000744ABA /* CustomButton.swift */,
				BA5DB96C29B7F3EE00744ABA /* CustomTextField.swift */,
				BA5DB97229B7F3F300744ABA /* ImageExtension.swift */,
				BA5DB96D29B7F3EF00744ABA /* String.swift */,
				BA5DB97129B7F3F200744ABA /* UIColor.swift */,
				BA5DB96F29B7F3F100744ABA /* UIImage.swift */,
				BA5DB96B29B7F3EE00744ABA /* UIImageView.swift */,
				BA5DB96A29B7F3ED00744ABA /* UIView.swift */,
				BA5DB97029B7F3F100744ABA /* UnitConverter.swift */,
			);
			path = Extension;
			sourceTree = "<group>";
		};
		BA5DB97C29B7F3FD00744ABA /* Utility */ = {
			isa = PBXGroup;
			children = (
				BA5DB97F29B7F42B00744ABA /* PreferenceHelper.swift */,
				BA5DB97D29B7F42900744ABA /* Reachability.swift */,
				BA5DB97E29B7F42A00744ABA /* Utility.swift */,
			);
			path = Utility;
			sourceTree = "<group>";
		};
		BA5DB98329B7F46D00744ABA /* Constants */ = {
			isa = PBXGroup;
			children = (
				BA5DB98429B7F48A00744ABA /* Constants.swift */,
				BA5DB98629B7F4F000744ABA /* BaseVC.swift */,
			);
			path = Constants;
			sourceTree = "<group>";
		};
/* End PBXGroup section */

/* Begin PBXNativeTarget section */
		BA5DB94129B7DAEB00744ABA /* Scap2 */ = {
			isa = PBXNativeTarget;
			buildConfigurationList = BA5DB95629B7DAEE00744ABA /* Build configuration list for PBXNativeTarget "Scap2" */;
			buildPhases = (
				F1A4BCD81279E7D7D9E1404F /* [CP] Check Pods Manifest.lock */,
				BA5DB93E29B7DAEB00744ABA /* Sources */,
				BA5DB93F29B7DAEB00744ABA /* Frameworks */,
				BA5DB94029B7DAEB00744ABA /* Resources */,
				3F09F5044F86B1EF415EF5A3 /* [CP] Embed Pods Frameworks */,
			);
			buildRules = (
			);
			dependencies = (
			);
			name = Scap2;
			productName = Scap2;
			productReference = BA5DB94229B7DAEB00744ABA /* Scap2.app */;
			productType = "com.apple.product-type.application";
		};
/* End PBXNativeTarget section */

/* Begin PBXProject section */
		BA5DB93A29B7DAEB00744ABA /* Project object */ = {
			isa = PBXProject;
			attributes = {
				BuildIndependentTargetsInParallel = 1;
				LastSwiftUpdateCheck = 1420;
				LastUpgradeCheck = 1420;
				TargetAttributes = {
					BA5DB94129B7DAEB00744ABA = {
						CreatedOnToolsVersion = 14.2;
					};
				};
			};
			buildConfigurationList = BA5DB93D29B7DAEB00744ABA /* Build configuration list for PBXProject "Scap2" */;
			compatibilityVersion = "Xcode 13.0";
			developmentRegion = en;
			hasScannedForEncodings = 0;
			knownRegions = (
				en,
				Base,
			);
			mainGroup = BA5DB93929B7DAEB00744ABA;
			productRefGroup = BA5DB94329B7DAEB00744ABA /* Products */;
			projectDirPath = "";
			projectRoot = "";
			targets = (
				BA5DB94129B7DAEB00744ABA /* Scap2 */,
			);
		};
/* End PBXProject section */

/* Begin PBXResourcesBuildPhase section */
		BA5DB94029B7DAEB00744ABA /* Resources */ = {
			isa = PBXResourcesBuildPhase;
			buildActionMask = 2147483647;
			files = (
				BA5DB95229B7DAEE00744ABA /* LaunchScreen.storyboard in Resources */,
				BA5DB95C29B7E34F00744ABA /* GoogleService-Info.plist in Resources */,
				BA5DB94F29B7DAEE00744ABA /* Assets.xcassets in Resources */,
				BA5DB94D29B7DAEB00744ABA /* Main.storyboard in Resources */,
			);
			runOnlyForDeploymentPostprocessing = 0;
		};
/* End PBXResourcesBuildPhase section */

/* Begin PBXShellScriptBuildPhase section */
		3F09F5044F86B1EF415EF5A3 /* [CP] Embed Pods Frameworks */ = {
			isa = PBXShellScriptBuildPhase;
			buildActionMask = 2147483647;
			files = (
			);
			inputFileListPaths = (
				"${PODS_ROOT}/Target Support Files/Pods-Scap2/Pods-Scap2-frameworks-${CONFIGURATION}-input-files.xcfilelist",
			);
			name = "[CP] Embed Pods Frameworks";
			outputFileListPaths = (
				"${PODS_ROOT}/Target Support Files/Pods-Scap2/Pods-Scap2-frameworks-${CONFIGURATION}-output-files.xcfilelist",
			);
			runOnlyForDeploymentPostprocessing = 0;
			shellPath = /bin/sh;
			shellScript = "\"${PODS_ROOT}/Target Support Files/Pods-Scap2/Pods-Scap2-frameworks.sh\"\n";
			showEnvVarsInLog = 0;
		};
		F1A4BCD81279E7D7D9E1404F /* [CP] Check Pods Manifest.lock */ = {
			isa = PBXShellScriptBuildPhase;
			buildActionMask = 2147483647;
			files = (
			);
			inputFileListPaths = (
			);
			inputPaths = (
				"${PODS_PODFILE_DIR_PATH}/Podfile.lock",
				"${PODS_ROOT}/Manifest.lock",
			);
			name = "[CP] Check Pods Manifest.lock";
			outputFileListPaths = (
			);
			outputPaths = (
				"$(DERIVED_FILE_DIR)/Pods-Scap2-checkManifestLockResult.txt",
			);
			runOnlyForDeploymentPostprocessing = 0;
			shellPath = /bin/sh;
			shellScript = "diff \"${PODS_PODFILE_DIR_PATH}/Podfile.lock\" \"${PODS_ROOT}/Manifest.lock\" > /dev/null\nif [ $? != 0 ] ; then\n    # print error to STDERR\n    echo \"error: The sandbox is not in sync with the Podfile.lock. Run 'pod install' or update your CocoaPods installation.\" >&2\n    exit 1\nfi\n# This output is used by Xcode 'outputs' to avoid re-running this script phase.\necho \"SUCCESS\" > \"${SCRIPT_OUTPUT_FILE_0}\"\n";
			showEnvVarsInLog = 0;
		};
/* End PBXShellScriptBuildPhase section */

/* Begin PBXSourcesBuildPhase section */
		BA5DB93E29B7DAEB00744ABA /* Sources */ = {
			isa = PBXSourcesBuildPhase;
			buildActionMask = 2147483647;
			files = (
				BA5DB97929B7F3F300744ABA /* UnitConverter.swift in Sources */,
				BA5DB97329B7F3F300744ABA /* UIView.swift in Sources */,
				BA5DB98129B7F42B00744ABA /* Utility.swift in Sources */,
				BA5DB97629B7F3F300744ABA /* String.swift in Sources */,
				BA5DB97429B7F3F300744ABA /* UIImageView.swift in Sources */,
				BA5DB97A29B7F3F300744ABA /* UIColor.swift in Sources */,
				BA5DB96429B7F35300744ABA /* ChatVC.swift in Sources */,
				BA5DB98029B7F42B00744ABA /* Reachability.swift in Sources */,
				BA5DB98229B7F42B00744ABA /* PreferenceHelper.swift in Sources */,
				BA5DB95F29B7EBEA00744ABA /* SignUpVC.swift in Sources */,
				BA5DB97529B7F3F300744ABA /* CustomTextField.swift in Sources */,
				BA5DB96729B7F37A00744ABA /* ProfileVC.swift in Sources */,
				BA5DB94A29B7DAEB00744ABA /* ViewController.swift in Sources */,
				BA5DB97729B7F3F300744ABA /* CustomButton.swift in Sources */,
				BA5DB94629B7DAEB00744ABA /* AppDelegate.swift in Sources */,
				BA5DB98529B7F48A00744ABA /* Constants.swift in Sources */,
				BA5DB94829B7DAEB00744ABA /* SceneDelegate.swift in Sources */,
				BA5DB97829B7F3F300744ABA /* UIImage.swift in Sources */,
				BA5DB96129B7EFFB00744ABA /* LoginVC.swift in Sources */,
				BA5DB98729B7F4F000744ABA /* BaseVC.swift in Sources */,
				BA5DB97B29B7F3F300744ABA /* ImageExtension.swift in Sources */,
			);
			runOnlyForDeploymentPostprocessing = 0;
		};
/* End PBXSourcesBuildPhase section */

/* Begin PBXVariantGroup section */
		BA5DB94B29B7DAEB00744ABA /* Main.storyboard */ = {
			isa = PBXVariantGroup;
			children = (
				BA5DB94C29B7DAEB00744ABA /* Base */,
			);
			name = Main.storyboard;
			sourceTree = "<group>";
		};
		BA5DB95029B7DAEE00744ABA /* LaunchScreen.storyboard */ = {
			isa = PBXVariantGroup;
			children = (
				BA5DB95129B7DAEE00744ABA /* Base */,
			);
			name = LaunchScreen.storyboard;
			sourceTree = "<group>";
		};
/* End PBXVariantGroup section */

/* Begin XCBuildConfiguration section */
		BA5DB95429B7DAEE00744ABA /* Debug */ = {
			isa = XCBuildConfiguration;
			buildSettings = {
				ALWAYS_SEARCH_USER_PATHS = NO;
				CLANG_ANALYZER_NONNULL = YES;
				CLANG_ANALYZER_NUMBER_OBJECT_CONVERSION = YES_AGGRESSIVE;
				CLANG_CXX_LANGUAGE_STANDARD = "gnu++20";
				CLANG_ENABLE_MODULES = YES;
				CLANG_ENABLE_OBJC_ARC = YES;
				CLANG_ENABLE_OBJC_WEAK = YES;
				CLANG_WARN_BLOCK_CAPTURE_AUTORELEASING = YES;
				CLANG_WARN_BOOL_CONVERSION = YES;
				CLANG_WARN_COMMA = YES;
				CLANG_WARN_CONSTANT_CONVERSION = YES;
				CLANG_WARN_DEPRECATED_OBJC_IMPLEMENTATIONS = YES;
				CLANG_WARN_DIRECT_OBJC_ISA_USAGE = YES_ERROR;
				CLANG_WARN_DOCUMENTATION_COMMENTS = YES;
				CLANG_WARN_EMPTY_BODY = YES;
				CLANG_WARN_ENUM_CONVERSION = YES;
				CLANG_WARN_INFINITE_RECURSION = YES;
				CLANG_WARN_INT_CONVERSION = YES;
				CLANG_WARN_NON_LITERAL_NULL_CONVERSION = YES;
				CLANG_WARN_OBJC_IMPLICIT_RETAIN_SELF = YES;
				CLANG_WARN_OBJC_LITERAL_CONVERSION = YES;
				CLANG_WARN_OBJC_ROOT_CLASS = YES_ERROR;
				CLANG_WARN_QUOTED_INCLUDE_IN_FRAMEWORK_HEADER = YES;
				CLANG_WARN_RANGE_LOOP_ANALYSIS = YES;
				CLANG_WARN_STRICT_PROTOTYPES = YES;
				CLANG_WARN_SUSPICIOUS_MOVE = YES;
				CLANG_WARN_UNGUARDED_AVAILABILITY = YES_AGGRESSIVE;
				CLANG_WARN_UNREACHABLE_CODE = YES;
				CLANG_WARN__DUPLICATE_METHOD_MATCH = YES;
				COPY_PHASE_STRIP = NO;
				DEBUG_INFORMATION_FORMAT = dwarf;
				ENABLE_STRICT_OBJC_MSGSEND = YES;
				ENABLE_TESTABILITY = YES;
				GCC_C_LANGUAGE_STANDARD = gnu11;
				GCC_DYNAMIC_NO_PIC = NO;
				GCC_NO_COMMON_BLOCKS = YES;
				GCC_OPTIMIZATION_LEVEL = 0;
				GCC_PREPROCESSOR_DEFINITIONS = (
					"DEBUG=1",
					"$(inherited)",
				);
				GCC_WARN_64_TO_32_BIT_CONVERSION = YES;
				GCC_WARN_ABOUT_RETURN_TYPE = YES_ERROR;
				GCC_WARN_UNDECLARED_SELECTOR = YES;
				GCC_WARN_UNINITIALIZED_AUTOS = YES_AGGRESSIVE;
				GCC_WARN_UNUSED_FUNCTION = YES;
				GCC_WARN_UNUSED_VARIABLE = YES;
				IPHONEOS_DEPLOYMENT_TARGET = 16.2;
				MTL_ENABLE_DEBUG_INFO = INCLUDE_SOURCE;
				MTL_FAST_MATH = YES;
				ONLY_ACTIVE_ARCH = YES;
				SDKROOT = iphoneos;
				SWIFT_ACTIVE_COMPILATION_CONDITIONS = DEBUG;
				SWIFT_OPTIMIZATION_LEVEL = "-Onone";
			};
			name = Debug;
		};
		BA5DB95529B7DAEE00744ABA /* Release */ = {
			isa = XCBuildConfiguration;
			buildSettings = {
				ALWAYS_SEARCH_USER_PATHS = NO;
				CLANG_ANALYZER_NONNULL = YES;
				CLANG_ANALYZER_NUMBER_OBJECT_CONVERSION = YES_AGGRESSIVE;
				CLANG_CXX_LANGUAGE_STANDARD = "gnu++20";
				CLANG_ENABLE_MODULES = YES;
				CLANG_ENABLE_OBJC_ARC = YES;
				CLANG_ENABLE_OBJC_WEAK = YES;
				CLANG_WARN_BLOCK_CAPTURE_AUTORELEASING = YES;
				CLANG_WARN_BOOL_CONVERSION = YES;
				CLANG_WARN_COMMA = YES;
				CLANG_WARN_CONSTANT_CONVERSION = YES;
				CLANG_WARN_DEPRECATED_OBJC_IMPLEMENTATIONS = YES;
				CLANG_WARN_DIRECT_OBJC_ISA_USAGE = YES_ERROR;
				CLANG_WARN_DOCUMENTATION_COMMENTS = YES;
				CLANG_WARN_EMPTY_BODY = YES;
				CLANG_WARN_ENUM_CONVERSION = YES;
				CLANG_WARN_INFINITE_RECURSION = YES;
				CLANG_WARN_INT_CONVERSION = YES;
				CLANG_WARN_NON_LITERAL_NULL_CONVERSION = YES;
				CLANG_WARN_OBJC_IMPLICIT_RETAIN_SELF = YES;
				CLANG_WARN_OBJC_LITERAL_CONVERSION = YES;
				CLANG_WARN_OBJC_ROOT_CLASS = YES_ERROR;
				CLANG_WARN_QUOTED_INCLUDE_IN_FRAMEWORK_HEADER = YES;
				CLANG_WARN_RANGE_LOOP_ANALYSIS = YES;
				CLANG_WARN_STRICT_PROTOTYPES = YES;
				CLANG_WARN_SUSPICIOUS_MOVE = YES;
				CLANG_WARN_UNGUARDED_AVAILABILITY = YES_AGGRESSIVE;
				CLANG_WARN_UNREACHABLE_CODE = YES;
				CLANG_WARN__DUPLICATE_METHOD_MATCH = YES;
				COPY_PHASE_STRIP = NO;
				DEBUG_INFORMATION_FORMAT = "dwarf-with-dsym";
				ENABLE_NS_ASSERTIONS = NO;
				ENABLE_STRICT_OBJC_MSGSEND = YES;
				GCC_C_LANGUAGE_STANDARD = gnu11;
				GCC_NO_COMMON_BLOCKS = YES;
				GCC_WARN_64_TO_32_BIT_CONVERSION = YES;
				GCC_WARN_ABOUT_RETURN_TYPE = YES_ERROR;
				GCC_WARN_UNDECLARED_SELECTOR = YES;
				GCC_WARN_UNINITIALIZED_AUTOS = YES_AGGRESSIVE;
				GCC_WARN_UNUSED_FUNCTION = YES;
				GCC_WARN_UNUSED_VARIABLE = YES;
				IPHONEOS_DEPLOYMENT_TARGET = 16.2;
				MTL_ENABLE_DEBUG_INFO = NO;
				MTL_FAST_MATH = YES;
				SDKROOT = iphoneos;
				SWIFT_COMPILATION_MODE = wholemodule;
				SWIFT_OPTIMIZATION_LEVEL = "-O";
				VALIDATE_PRODUCT = YES;
			};
			name = Release;
		};
		BA5DB95729B7DAEE00744ABA /* Debug */ = {
			isa = XCBuildConfiguration;
			baseConfigurationReference = 8E5FEE2BFCA6636660309496 /* Pods-Scap2.debug.xcconfig */;
			buildSettings = {
				ASSETCATALOG_COMPILER_APPICON_NAME = AppIcon;
				ASSETCATALOG_COMPILER_GLOBAL_ACCENT_COLOR_NAME = AccentColor;
				CODE_SIGN_STYLE = Automatic;
				CURRENT_PROJECT_VERSION = 1;
				DEVELOPMENT_TEAM = NS9BQQQNV5;
				GENERATE_INFOPLIST_FILE = YES;
				INFOPLIST_FILE = Scap2/Info.plist;
				INFOPLIST_KEY_UIApplicationSupportsIndirectInputEvents = YES;
				INFOPLIST_KEY_UILaunchStoryboardName = LaunchScreen;
				INFOPLIST_KEY_UIMainStoryboardFile = Main;
				INFOPLIST_KEY_UISupportedInterfaceOrientations_iPad = "UIInterfaceOrientationPortrait UIInterfaceOrientationPortraitUpsideDown UIInterfaceOrientationLandscapeLeft UIInterfaceOrientationLandscapeRight";
				INFOPLIST_KEY_UISupportedInterfaceOrientations_iPhone = "UIInterfaceOrientationPortrait UIInterfaceOrientationLandscapeLeft UIInterfaceOrientationLandscapeRight";
				LD_RUNPATH_SEARCH_PATHS = (
					"$(inherited)",
					"@executable_path/Frameworks",
				);
				MARKETING_VERSION = 1.0;
				PRODUCT_BUNDLE_IDENTIFIER = Scap.mehed1hasan.Scap2;
				PRODUCT_NAME = "$(TARGET_NAME)";
				SWIFT_EMIT_LOC_STRINGS = YES;
				SWIFT_VERSION = 5.0;
				TARGETED_DEVICE_FAMILY = "1,2";
			};
			name = Debug;
		};
		BA5DB95829B7DAEE00744ABA /* Release */ = {
			isa = XCBuildConfiguration;
			baseConfigurationReference = 276E74D0CC43D32D0164F3F9 /* Pods-Scap2.release.xcconfig */;
			buildSettings = {
				ASSETCATALOG_COMPILER_APPICON_NAME = AppIcon;
				ASSETCATALOG_COMPILER_GLOBAL_ACCENT_COLOR_NAME = AccentColor;
				CODE_SIGN_STYLE = Automatic;
				CURRENT_PROJECT_VERSION = 1;
				DEVELOPMENT_TEAM = NS9BQQQNV5;
				GENERATE_INFOPLIST_FILE = YES;
				INFOPLIST_FILE = Scap2/Info.plist;
				INFOPLIST_KEY_UIApplicationSupportsIndirectInputEvents = YES;
				INFOPLIST_KEY_UILaunchStoryboardName = LaunchScreen;
				INFOPLIST_KEY_UIMainStoryboardFile = Main;
				INFOPLIST_KEY_UISupportedInterfaceOrientations_iPad = "UIInterfaceOrientationPortrait UIInterfaceOrientationPortraitUpsideDown UIInterfaceOrientationLandscapeLeft UIInterfaceOrientationLandscapeRight";
				INFOPLIST_KEY_UISupportedInterfaceOrientations_iPhone = "UIInterfaceOrientationPortrait UIInterfaceOrientationLandscapeLeft UIInterfaceOrientationLandscapeRight";
				LD_RUNPATH_SEARCH_PATHS = (
					"$(inherited)",
					"@executable_path/Frameworks",
				);
				MARKETING_VERSION = 1.0;
				PRODUCT_BUNDLE_IDENTIFIER = Scap.mehed1hasan.Scap2;
				PRODUCT_NAME = "$(TARGET_NAME)";
				SWIFT_EMIT_LOC_STRINGS = YES;
				SWIFT_VERSION = 5.0;
				TARGETED_DEVICE_FAMILY = "1,2";
			};
			name = Release;
		};
/* End XCBuildConfiguration section */

/* Begin XCConfigurationList section */
		BA5DB93D29B7DAEB00744ABA /* Build configuration list for PBXProject "Scap2" */ = {
			isa = XCConfigurationList;
			buildConfigurations = (
				BA5DB95429B7DAEE00744ABA /* Debug */,
				BA5DB95529B7DAEE00744ABA /* Release */,
			);
			defaultConfigurationIsVisible = 0;
			defaultConfigurationName = Release;
		};
		BA5DB95629B7DAEE00744ABA /* Build configuration list for PBXNativeTarget "Scap2" */ = {
			isa = XCConfigurationList;
			buildConfigurations = (
				BA5DB95729B7DAEE00744ABA /* Debug */,
				BA5DB95829B7DAEE00744ABA /* Release */,
			);
			defaultConfigurationIsVisible = 0;
			defaultConfigurationName = Release;
		};
/* End XCConfigurationList section */
	};
	rootObject = BA5DB93A29B7DAEB00744ABA /* Project object */;
}
